
Microsoft Visual Studio Solution File, Format Version 12.00
# Visual Studio Version 17
VisualStudioVersion = 17.8.34322.80
MinimumVisualStudioVersion = 10.0.40219.1
Project("{9A19103F-16F7-4668-BE54-9A1E7A4F7556}") = "ReklamationBilderUpload", "ReklamationBilderUpload\ReklamationBilderUpload.csproj", "{04ECB674-74E8-41A1-AA83-6E2637B63309}"
EndProject
Global
	GlobalSection(SolutionConfigurationPlatforms) = preSolution
		Debug|Any CPU = Debug|Any CPU
		Release|Any CPU = Release|Any CPU
	EndGlobalSection
	GlobalSection(ProjectConfigurationPlatforms) = postSolution
		{04ECB674-74E8-41A1-AA83-6E2637B63309}.Debug|Any CPU.ActiveCfg = Debug|Any CPU
		{04ECB674-74E8-41A1-AA83-6E2637B63309}.Debug|Any CPU.Build.0 = Debug|Any CPU
		{04ECB674-74E8-41A1-AA83-6E2637B63309}.Release|Any CPU.ActiveCfg = Release|Any CPU
		{04ECB674-74E8-41A1-AA83-6E2637B63309}.Release|Any CPU.Build.0 = Release|Any CPU
	EndGlobalSection
	GlobalSection(SolutionProperties) = preSolution
		HideSolutionNode = FALSE
	EndGlobalSection
	GlobalSection(ExtensibilityGlobals) = postSolution
		SolutionGuid = {24060959-0BF0-4D33-BF4E-EE9EB6147C0C}
	EndGlobalSection
EndGlobal
